
Microsoft Visual Studio Solution File, Format Version 12.00
# Visual Studio Version 16
VisualStudioVersion = 16.0.29806.167
MinimumVisualStudioVersion = 10.0.40219.1
Project("{FAE04EC0-301F-11D3-BF4B-00C04F79EFBC}") = "Autentique.Net", "Autentique.Net\Autentique.Net.csproj", "{1B014D3F-8B06-402A-9EB9-DC8AF5418252}"
EndProject
Project("{FAE04EC0-301F-11D3-BF4B-00C04F79EFBC}") = "Autentique.Net.Demo", "Autentique.Net.Demo\Autentique.Net.Demo.csproj", "{B520ED6D-7153-4F5E-97F0-FD7972A08C13}"
EndProject
Global
	GlobalSection(SolutionConfigurationPlatforms) = preSolution
		Debug|Any CPU = Debug|Any CPU
		Release|Any CPU = Release|Any CPU
	EndGlobalSection
	GlobalSection(ProjectConfigurationPlatforms) = postSolution
		{1B014D3F-8B06-402A-9EB9-DC8AF5418252}.Debug|Any CPU.ActiveCfg = Debug|Any CPU
		{1B014D3F-8B06-402A-9EB9-DC8AF5418252}.Debug|Any CPU.Build.0 = Debug|Any CPU
		{1B014D3F-8B06-402A-9EB9-DC8AF5418252}.Release|Any CPU.ActiveCfg = Release|Any CPU
		{1B014D3F-8B06-402A-9EB9-DC8AF5418252}.Release|Any CPU.Build.0 = Release|Any CPU
		{B520ED6D-7153-4F5E-97F0-FD7972A08C13}.Debug|Any CPU.ActiveCfg = Debug|Any CPU
		{B520ED6D-7153-4F5E-97F0-FD7972A08C13}.Debug|Any CPU.Build.0 = Debug|Any CPU
		{B520ED6D-7153-4F5E-97F0-FD7972A08C13}.Release|Any CPU.ActiveCfg = Release|Any CPU
		{B520ED6D-7153-4F5E-97F0-FD7972A08C13}.Release|Any CPU.Build.0 = Release|Any CPU
	EndGlobalSection
	GlobalSection(SolutionProperties) = preSolution
		HideSolutionNode = FALSE
	EndGlobalSection
	GlobalSection(ExtensibilityGlobals) = postSolution
		SolutionGuid = {13B7D219-2A50-4B58-B22C-9D7A4B0CA819}
	EndGlobalSection
EndGlobal
